
Microsoft Visual Studio Solution File, Format Version 11.00
# Visual Studio 2010
Project("{8BC9CEB8-8B4A-11D0-8D11-00A0C91BC942}") = "AST-assign3", "AST-assign3\AST-assign3.vcxproj", "{341EA83B-A68B-472F-BE00-A41A3211BE63}"
EndProject
Global
	GlobalSection(SolutionConfigurationPlatforms) = preSolution
		Debug|Win32 = Debug|Win32
		Release|Win32 = Release|Win32
	EndGlobalSection
	GlobalSection(ProjectConfigurationPlatforms) = postSolution
		{341EA83B-A68B-472F-BE00-A41A3211BE63}.Debug|Win32.ActiveCfg = Debug|Win32
		{341EA83B-A68B-472F-BE00-A41A3211BE63}.Debug|Win32.Build.0 = Debug|Win32
		{341EA83B-A68B-472F-BE00-A41A3211BE63}.Release|Win32.ActiveCfg = Release|Win32
		{341EA83B-A68B-472F-BE00-A41A3211BE63}.Release|Win32.Build.0 = Release|Win32
	EndGlobalSection
	GlobalSection(SolutionProperties) = preSolution
		HideSolutionNode = FALSE
	EndGlobalSection
EndGlobal
